
Microsoft Visual Studio Solution File, Format Version 12.00
# Visual Studio Version 16
VisualStudioVersion = 16.0.32228.343
MinimumVisualStudioVersion = 10.0.40219.1
Project("{FAE04EC0-301F-11D3-BF4B-00C04F79EFBC}") = "UserData", "UserData\UserData.csproj", "{4551C6EB-4EB5-4A58-AB88-052C30E89689}"
EndProject
Project("{FAE04EC0-301F-11D3-BF4B-00C04F79EFBC}") = "UserPIN", "UserPIN\UserPIN.csproj", "{01FFB30C-D6DB-48CF-8F75-1C2ED5BA8FE1}"
EndProject
Global
	GlobalSection(SolutionConfigurationPlatforms) = preSolution
		Debug|Any CPU = Debug|Any CPU
		Release|Any CPU = Release|Any CPU
	EndGlobalSection
	GlobalSection(ProjectConfigurationPlatforms) = postSolution
		{4551C6EB-4EB5-4A58-AB88-052C30E89689}.Debug|Any CPU.ActiveCfg = Debug|Any CPU
		{4551C6EB-4EB5-4A58-AB88-052C30E89689}.Debug|Any CPU.Build.0 = Debug|Any CPU
		{4551C6EB-4EB5-4A58-AB88-052C30E89689}.Release|Any CPU.ActiveCfg = Release|Any CPU
		{4551C6EB-4EB5-4A58-AB88-052C30E89689}.Release|Any CPU.Build.0 = Release|Any CPU
		{01FFB30C-D6DB-48CF-8F75-1C2ED5BA8FE1}.Debug|Any CPU.ActiveCfg = Debug|Any CPU
		{01FFB30C-D6DB-48CF-8F75-1C2ED5BA8FE1}.Debug|Any CPU.Build.0 = Debug|Any CPU
		{01FFB30C-D6DB-48CF-8F75-1C2ED5BA8FE1}.Release|Any CPU.ActiveCfg = Release|Any CPU
		{01FFB30C-D6DB-48CF-8F75-1C2ED5BA8FE1}.Release|Any CPU.Build.0 = Release|Any CPU
	EndGlobalSection
	GlobalSection(SolutionProperties) = preSolution
		HideSolutionNode = FALSE
	EndGlobalSection
	GlobalSection(ExtensibilityGlobals) = postSolution
		SolutionGuid = {4E64F133-2B08-4D1F-B336-26F98AFBF408}
	EndGlobalSection
EndGlobal
